
Microsoft Visual Studio Solution File, Format Version 12.00
# Visual Studio Version 17
VisualStudioVersion = 17.6.33712.159
MinimumVisualStudioVersion = 10.0.40219.1
Project("{9A19103F-16F7-4668-BE54-9A1E7A4F7556}") = "BookStoreWeb", "BookStoreWeb\BookStoreWeb.csproj", "{8D32C6F3-B789-4033-A036-0D0B21D2F67D}"
EndProject
Project("{FAE04EC0-301F-11D3-BF4B-00C04F79EFBC}") = "BookStore.Models", "BookStore.Models\BookStore.Models.csproj", "{B9E6AF9D-90F4-4D54-8E81-8D9331384C09}"
EndProject
Project("{FAE04EC0-301F-11D3-BF4B-00C04F79EFBC}") = "BookStore.DAL", "BookStore.DAL\BookStore.DAL.csproj", "{B0D488A7-25EC-4E1D-B638-E0A22429BFE6}"
EndProject
Project("{FAE04EC0-301F-11D3-BF4B-00C04F79EFBC}") = "BookStore.Utilities", "BookStore.Utilities\BookStore.Utilities.csproj", "{4C0296E8-F7C3-4316-9CF8-2EB4D01A97CF}"
EndProject
Global
	GlobalSection(SolutionConfigurationPlatforms) = preSolution
		Debug|Any CPU = Debug|Any CPU
		Release|Any CPU = Release|Any CPU
	EndGlobalSection
	GlobalSection(ProjectConfigurationPlatforms) = postSolution
		{8D32C6F3-B789-4033-A036-0D0B21D2F67D}.Debug|Any CPU.ActiveCfg = Debug|Any CPU
		{8D32C6F3-B789-4033-A036-0D0B21D2F67D}.Debug|Any CPU.Build.0 = Debug|Any CPU
		{8D32C6F3-B789-4033-A036-0D0B21D2F67D}.Release|Any CPU.ActiveCfg = Release|Any CPU
		{8D32C6F3-B789-4033-A036-0D0B21D2F67D}.Release|Any CPU.Build.0 = Release|Any CPU
		{B9E6AF9D-90F4-4D54-8E81-8D9331384C09}.Debug|Any CPU.ActiveCfg = Debug|Any CPU
		{B9E6AF9D-90F4-4D54-8E81-8D9331384C09}.Debug|Any CPU.Build.0 = Debug|Any CPU
		{B9E6AF9D-90F4-4D54-8E81-8D9331384C09}.Release|Any CPU.ActiveCfg = Release|Any CPU
		{B9E6AF9D-90F4-4D54-8E81-8D9331384C09}.Release|Any CPU.Build.0 = Release|Any CPU
		{B0D488A7-25EC-4E1D-B638-E0A22429BFE6}.Debug|Any CPU.ActiveCfg = Debug|Any CPU
		{B0D488A7-25EC-4E1D-B638-E0A22429BFE6}.Debug|Any CPU.Build.0 = Debug|Any CPU
		{B0D488A7-25EC-4E1D-B638-E0A22429BFE6}.Release|Any CPU.ActiveCfg = Release|Any CPU
		{B0D488A7-25EC-4E1D-B638-E0A22429BFE6}.Release|Any CPU.Build.0 = Release|Any CPU
		{4C0296E8-F7C3-4316-9CF8-2EB4D01A97CF}.Debug|Any CPU.ActiveCfg = Debug|Any CPU
		{4C0296E8-F7C3-4316-9CF8-2EB4D01A97CF}.Debug|Any CPU.Build.0 = Debug|Any CPU
		{4C0296E8-F7C3-4316-9CF8-2EB4D01A97CF}.Release|Any CPU.ActiveCfg = Release|Any CPU
		{4C0296E8-F7C3-4316-9CF8-2EB4D01A97CF}.Release|Any CPU.Build.0 = Release|Any CPU
	EndGlobalSection
	GlobalSection(SolutionProperties) = preSolution
		HideSolutionNode = FALSE
	EndGlobalSection
	GlobalSection(ExtensibilityGlobals) = postSolution
		SolutionGuid = {BB65A741-AD84-4779-BC6C-1A6B33BC0546}
	EndGlobalSection
EndGlobal
